
Microsoft Visual Studio Solution File, Format Version 12.00
# Visual Studio 15
VisualStudioVersion = 15.0.28010.2048
MinimumVisualStudioVersion = 10.0.40219.1
Project("{FAE04EC0-301F-11D3-BF4B-00C04F79EFBC}") = "Study.Xamarin.Android", "Study.Xamarin\Study.Xamarin.Android\Study.Xamarin.Android.csproj", "{3360DFB0-0A06-4339-A25C-3B21A354D125}"
EndProject
Project("{FAE04EC0-301F-11D3-BF4B-00C04F79EFBC}") = "Study.Xamarin.iOS", "Study.Xamarin\Study.Xamarin.iOS\Study.Xamarin.iOS.csproj", "{957575BB-F58A-4069-9FCD-4F7A136BDE40}"
EndProject
Project("{FAE04EC0-301F-11D3-BF4B-00C04F79EFBC}") = "Study.Xamarin", "Study.Xamarin\Study.Xamarin\Study.Xamarin.csproj", "{9E561363-8945-43C4-9B6A-E82A5449AA16}"
EndProject
Global
	GlobalSection(SolutionConfigurationPlatforms) = preSolution
		Ad-Hoc|Any CPU = Ad-Hoc|Any CPU
		Ad-Hoc|iPhone = Ad-Hoc|iPhone
		Ad-Hoc|iPhoneSimulator = Ad-Hoc|iPhoneSimulator
		AppStore|Any CPU = AppStore|Any CPU
		AppStore|iPhone = AppStore|iPhone
		AppStore|iPhoneSimulator = AppStore|iPhoneSimulator
		Debug|Any CPU = Debug|Any CPU
		Debug|iPhone = Debug|iPhone
		Debug|iPhoneSimulator = Debug|iPhoneSimulator
		Release|Any CPU = Release|Any CPU
		Release|iPhone = Release|iPhone
		Release|iPhoneSimulator = Release|iPhoneSimulator
	EndGlobalSection
	GlobalSection(ProjectConfigurationPlatforms) = postSolution
		{3360DFB0-0A06-4339-A25C-3B21A354D125}.Ad-Hoc|Any CPU.ActiveCfg = Release|Any CPU
		{3360DFB0-0A06-4339-A25C-3B21A354D125}.Ad-Hoc|Any CPU.Build.0 = Release|Any CPU
		{3360DFB0-0A06-4339-A25C-3B21A354D125}.Ad-Hoc|Any CPU.Deploy.0 = Release|Any CPU
		{3360DFB0-0A06-4339-A25C-3B21A354D125}.Ad-Hoc|iPhone.ActiveCfg = Release|Any CPU
		{3360DFB0-0A06-4339-A25C-3B21A354D125}.Ad-Hoc|iPhone.Build.0 = Release|Any CPU
		{3360DFB0-0A06-4339-A25C-3B21A354D125}.Ad-Hoc|iPhone.Deploy.0 = Release|Any CPU
		{3360DFB0-0A06-4339-A25C-3B21A354D125}.Ad-Hoc|iPhoneSimulator.ActiveCfg = Release|Any CPU
		{3360DFB0-0A06-4339-A25C-3B21A354D125}.Ad-Hoc|iPhoneSimulator.Build.0 = Release|Any CPU
		{3360DFB0-0A06-4339-A25C-3B21A354D125}.Ad-Hoc|iPhoneSimulator.Deploy.0 = Release|Any CPU
		{3360DFB0-0A06-4339-A25C-3B21A354D125}.AppStore|Any CPU.ActiveCfg = Release|Any CPU
		{3360DFB0-0A06-4339-A25C-3B21A354D125}.AppStore|Any CPU.Build.0 = Release|Any CPU
		{3360DFB0-0A06-4339-A25C-3B21A354D125}.AppStore|Any CPU.Deploy.0 = Release|Any CPU
		{3360DFB0-0A06-4339-A25C-3B21A354D125}.AppStore|iPhone.ActiveCfg = Release|Any CPU
		{3360DFB0-0A06-4339-A25C-3B21A354D125}.AppStore|iPhone.Build.0 = Release|Any CPU
		{3360DFB0-0A06-4339-A25C-3B21A354D125}.AppStore|iPhone.Deploy.0 = Release|Any CPU
		{3360DFB0-0A06-4339-A25C-3B21A354D125}.AppStore|iPhoneSimulator.ActiveCfg = Release|Any CPU
		{3360DFB0-0A06-4339-A25C-3B21A354D125}.AppStore|iPhoneSimulator.Build.0 = Release|Any CPU
		{3360DFB0-0A06-4339-A25C-3B21A354D125}.AppStore|iPhoneSimulator.Deploy.0 = Release|Any CPU
		{3360DFB0-0A06-4339-A25C-3B21A354D125}.Debug|Any CPU.ActiveCfg = Debug|Any CPU
		{3360DFB0-0A06-4339-A25C-3B21A354D125}.Debug|Any CPU.Build.0 = Debug|Any CPU
		{3360DFB0-0A06-4339-A25C-3B21A354D125}.Debug|Any CPU.Deploy.0 = Debug|Any CPU
		{3360DFB0-0A06-4339-A25C-3B21A354D125}.Debug|iPhone.ActiveCfg = Debug|Any CPU
		{3360DFB0-0A06-4339-A25C-3B21A354D125}.Debug|iPhone.Build.0 = Debug|Any CPU
		{3360DFB0-0A06-4339-A25C-3B21A354D125}.Debug|iPhone.Deploy.0 = Debug|Any CPU
		{3360DFB0-0A06-4339-A25C-3B21A354D125}.Debug|iPhoneSimulator.ActiveCfg = Debug|Any CPU
		{3360DFB0-0A06-4339-A25C-3B21A354D125}.Debug|iPhoneSimulator.Build.0 = Debug|Any CPU
		{3360DFB0-0A06-4339-A25C-3B21A354D125}.Debug|iPhoneSimulator.Deploy.0 = Debug|Any CPU
		{3360DFB0-0A06-4339-A25C-3B21A354D125}.Release|Any CPU.ActiveCfg = Release|Any CPU
		{3360DFB0-0A06-4339-A25C-3B21A354D125}.Release|Any CPU.Build.0 = Release|Any CPU
		{3360DFB0-0A06-4339-A25C-3B21A354D125}.Release|Any CPU.Deploy.0 = Release|Any CPU
		{3360DFB0-0A06-4339-A25C-3B21A354D125}.Release|iPhone.ActiveCfg = Release|Any CPU
		{3360DFB0-0A06-4339-A25C-3B21A354D125}.Release|iPhone.Build.0 = Release|Any CPU
		{3360DFB0-0A06-4339-A25C-3B21A354D125}.Release|iPhone.Deploy.0 = Release|Any CPU
		{3360DFB0-0A06-4339-A25C-3B21A354D125}.Release|iPhoneSimulator.ActiveCfg = Release|Any CPU
		{3360DFB0-0A06-4339-A25C-3B21A354D125}.Release|iPhoneSimulator.Build.0 = Release|Any CPU
		{3360DFB0-0A06-4339-A25C-3B21A354D125}.Release|iPhoneSimulator.Deploy.0 = Release|Any CPU
		{957575BB-F58A-4069-9FCD-4F7A136BDE40}.Ad-Hoc|Any CPU.ActiveCfg = Ad-Hoc|iPhone
		{957575BB-F58A-4069-9FCD-4F7A136BDE40}.Ad-Hoc|Any CPU.Build.0 = Ad-Hoc|iPhone
		{957575BB-F58A-4069-9FCD-4F7A136BDE40}.Ad-Hoc|Any CPU.Deploy.0 = Ad-Hoc|iPhone
		{957575BB-F58A-4069-9FCD-4F7A136BDE40}.Ad-Hoc|iPhone.ActiveCfg = Ad-Hoc|iPhone
		{957575BB-F58A-4069-9FCD-4F7A136BDE40}.Ad-Hoc|iPhone.Build.0 = Ad-Hoc|iPhone
		{957575BB-F58A-4069-9FCD-4F7A136BDE40}.Ad-Hoc|iPhone.Deploy.0 = Ad-Hoc|iPhone
		{957575BB-F58A-4069-9FCD-4F7A136BDE40}.Ad-Hoc|iPhoneSimulator.ActiveCfg = Ad-Hoc|iPhoneSimulator
		{957575BB-F58A-4069-9FCD-4F7A136BDE40}.Ad-Hoc|iPhoneSimulator.Build.0 = Ad-Hoc|iPhoneSimulator
		{957575BB-F58A-4069-9FCD-4F7A136BDE40}.Ad-Hoc|iPhoneSimulator.Deploy.0 = Ad-Hoc|iPhoneSimulator
		{957575BB-F58A-4069-9FCD-4F7A136BDE40}.AppStore|Any CPU.ActiveCfg = AppStore|iPhone
		{957575BB-F58A-4069-9FCD-4F7A136BDE40}.AppStore|Any CPU.Build.0 = AppStore|iPhone
		{957575BB-F58A-4069-9FCD-4F7A136BDE40}.AppStore|Any CPU.Deploy.0 = AppStore|iPhone
		{957575BB-F58A-4069-9FCD-4F7A136BDE40}.AppStore|iPhone.ActiveCfg = AppStore|iPhone
		{957575BB-F58A-4069-9FCD-4F7A136BDE40}.AppStore|iPhone.Build.0 = AppStore|iPhone
		{957575BB-F58A-4069-9FCD-4F7A136BDE40}.AppStore|iPhone.Deploy.0 = AppStore|iPhone
		{957575BB-F58A-4069-9FCD-4F7A136BDE40}.AppStore|iPhoneSimulator.ActiveCfg = AppStore|iPhoneSimulator
		{957575BB-F58A-4069-9FCD-4F7A136BDE40}.AppStore|iPhoneSimulator.Build.0 = AppStore|iPhoneSimulator
		{957575BB-F58A-4069-9FCD-4F7A136BDE40}.AppStore|iPhoneSimulator.Deploy.0 = AppStore|iPhoneSimulator
		{957575BB-F58A-4069-9FCD-4F7A136BDE40}.Debug|Any CPU.ActiveCfg = Debug|iPhoneSimulator
		{957575BB-F58A-4069-9FCD-4F7A136BDE40}.Debug|Any CPU.Build.0 = Debug|iPhoneSimulator
		{957575BB-F58A-4069-9FCD-4F7A136BDE40}.Debug|Any CPU.Deploy.0 = Debug|iPhoneSimulator
		{957575BB-F58A-4069-9FCD-4F7A136BDE40}.Debug|iPhone.ActiveCfg = Debug|iPhone
		{957575BB-F58A-4069-9FCD-4F7A136BDE40}.Debug|iPhone.Build.0 = Debug|iPhone
		{957575BB-F58A-4069-9FCD-4F7A136BDE40}.Debug|iPhone.Deploy.0 = Debug|iPhone
		{957575BB-F58A-4069-9FCD-4F7A136BDE40}.Debug|iPhoneSimulator.ActiveCfg = Debug|iPhoneSimulator
		{957575BB-F58A-4069-9FCD-4F7A136BDE40}.Debug|iPhoneSimulator.Build.0 = Debug|iPhoneSimulator
		{957575BB-F58A-4069-9FCD-4F7A136BDE40}.Debug|iPhoneSimulator.Deploy.0 = Debug|iPhoneSimulator
		{957575BB-F58A-4069-9FCD-4F7A136BDE40}.Release|Any CPU.ActiveCfg = Release|iPhone
		{957575BB-F58A-4069-9FCD-4F7A136BDE40}.Release|Any CPU.Build.0 = Release|iPhone
		{957575BB-F58A-4069-9FCD-4F7A136BDE40}.Release|Any CPU.Deploy.0 = Release|iPhone
		{957575BB-F58A-4069-9FCD-4F7A136BDE40}.Release|iPhone.ActiveCfg = Release|iPhone
		{957575BB-F58A-4069-9FCD-4F7A136BDE40}.Release|iPhone.Build.0 = Release|iPhone
		{957575BB-F58A-4069-9FCD-4F7A136BDE40}.Release|iPhone.Deploy.0 = Release|iPhone
		{957575BB-F58A-4069-9FCD-4F7A136BDE40}.Release|iPhoneSimulator.ActiveCfg = Release|iPhoneSimulator
		{957575BB-F58A-4069-9FCD-4F7A136BDE40}.Release|iPhoneSimulator.Build.0 = Release|iPhoneSimulator
		{957575BB-F58A-4069-9FCD-4F7A136BDE40}.Release|iPhoneSimulator.Deploy.0 = Release|iPhoneSimulator
		{9E561363-8945-43C4-9B6A-E82A5449AA16}.Ad-Hoc|Any CPU.ActiveCfg = Debug|Any CPU
		{9E561363-8945-43C4-9B6A-E82A5449AA16}.Ad-Hoc|Any CPU.Build.0 = Debug|Any CPU
		{9E561363-8945-43C4-9B6A-E82A5449AA16}.Ad-Hoc|Any CPU.Deploy.0 = Debug|Any CPU
		{9E561363-8945-43C4-9B6A-E82A5449AA16}.Ad-Hoc|iPhone.ActiveCfg = Debug|Any CPU
		{9E561363-8945-43C4-9B6A-E82A5449AA16}.Ad-Hoc|iPhone.Build.0 = Debug|Any CPU
		{9E561363-8945-43C4-9B6A-E82A5449AA16}.Ad-Hoc|iPhone.Deploy.0 = Debug|Any CPU
		{9E561363-8945-43C4-9B6A-E82A5449AA16}.Ad-Hoc|iPhoneSimulator.ActiveCfg = Debug|Any CPU
		{9E561363-8945-43C4-9B6A-E82A5449AA16}.Ad-Hoc|iPhoneSimulator.Build.0 = Debug|Any CPU
		{9E561363-8945-43C4-9B6A-E82A5449AA16}.Ad-Hoc|iPhoneSimulator.Deploy.0 = Debug|Any CPU
		{9E561363-8945-43C4-9B6A-E82A5449AA16}.AppStore|Any CPU.ActiveCfg = Debug|Any CPU
		{9E561363-8945-43C4-9B6A-E82A5449AA16}.AppStore|Any CPU.Build.0 = Debug|Any CPU
		{9E561363-8945-43C4-9B6A-E82A5449AA16}.AppStore|Any CPU.Deploy.0 = Debug|Any CPU
		{9E561363-8945-43C4-9B6A-E82A5449AA16}.AppStore|iPhone.ActiveCfg = Debug|Any CPU
		{9E561363-8945-43C4-9B6A-E82A5449AA16}.AppStore|iPhone.Build.0 = Debug|Any CPU
		{9E561363-8945-43C4-9B6A-E82A5449AA16}.AppStore|iPhone.Deploy.0 = Debug|Any CPU
		{9E561363-8945-43C4-9B6A-E82A5449AA16}.AppStore|iPhoneSimulator.ActiveCfg = Debug|Any CPU
		{9E561363-8945-43C4-9B6A-E82A5449AA16}.AppStore|iPhoneSimulator.Build.0 = Debug|Any CPU
		{9E561363-8945-43C4-9B6A-E82A5449AA16}.AppStore|iPhoneSimulator.Deploy.0 = Debug|Any CPU
		{9E561363-8945-43C4-9B6A-E82A5449AA16}.Debug|Any CPU.ActiveCfg = Debug|Any CPU
		{9E561363-8945-43C4-9B6A-E82A5449AA16}.Debug|Any CPU.Build.0 = Debug|Any CPU
		{9E561363-8945-43C4-9B6A-E82A5449AA16}.Debug|Any CPU.Deploy.0 = Debug|Any CPU
		{9E561363-8945-43C4-9B6A-E82A5449AA16}.Debug|iPhone.ActiveCfg = Debug|Any CPU
		{9E561363-8945-43C4-9B6A-E82A5449AA16}.Debug|iPhone.Build.0 = Debug|Any CPU
		{9E561363-8945-43C4-9B6A-E82A5449AA16}.Debug|iPhone.Deploy.0 = Debug|Any CPU
		{9E561363-8945-43C4-9B6A-E82A5449AA16}.Debug|iPhoneSimulator.ActiveCfg = Debug|Any CPU
		{9E561363-8945-43C4-9B6A-E82A5449AA16}.Debug|iPhoneSimulator.Build.0 = Debug|Any CPU
		{9E561363-8945-43C4-9B6A-E82A5449AA16}.Debug|iPhoneSimulator.Deploy.0 = Debug|Any CPU
		{9E561363-8945-43C4-9B6A-E82A5449AA16}.Release|Any CPU.ActiveCfg = Release|Any CPU
		{9E561363-8945-43C4-9B6A-E82A5449AA16}.Release|Any CPU.Build.0 = Release|Any CPU
		{9E561363-8945-43C4-9B6A-E82A5449AA16}.Release|Any CPU.Deploy.0 = Release|Any CPU
		{9E561363-8945-43C4-9B6A-E82A5449AA16}.Release|iPhone.ActiveCfg = Release|Any CPU
		{9E561363-8945-43C4-9B6A-E82A5449AA16}.Release|iPhone.Build.0 = Release|Any CPU
		{9E561363-8945-43C4-9B6A-E82A5449AA16}.Release|iPhone.Deploy.0 = Release|Any CPU
		{9E561363-8945-43C4-9B6A-E82A5449AA16}.Release|iPhoneSimulator.ActiveCfg = Release|Any CPU
		{9E561363-8945-43C4-9B6A-E82A5449AA16}.Release|iPhoneSimulator.Build.0 = Release|Any CPU
		{9E561363-8945-43C4-9B6A-E82A5449AA16}.Release|iPhoneSimulator.Deploy.0 = Release|Any CPU
	EndGlobalSection
	GlobalSection(SolutionProperties) = preSolution
		HideSolutionNode = FALSE
	EndGlobalSection
	GlobalSection(ExtensibilityGlobals) = postSolution
		SolutionGuid = {04E9BAF0-7660-49CE-BC1C-95BD3F173123}
	EndGlobalSection
EndGlobal
